schema: '2.0'
stages:
  collect_data:
    cmd: python data.py
    deps:
    - path: data.py
      hash: md5
      md5: 8a4ca57abc054198701c1f544895e016
      size: 2385
    outs:
    - path: forecast_weather_data.csv
      hash: md5
      md5: 85f083602e6fd5000e19654b0eff09d0
      size: 8995
  preprocess_data:
    cmd: python preprocess.py
    deps:
    - path: forecast_weather_data.csv
      hash: md5
      md5: 85f083602e6fd5000e19654b0eff09d0
      size: 8995
    - path: preprocess.py
      hash: md5
      md5: 30bd5a8d951ea6aef95a4aa9407a83a1
      size: 563
    outs:
    - path: processed_data.csv
      hash: md5
      md5: 0256ad6e65e9924e9ca7f3ecb1e5ffda
      size: 10946
  train_model:
    cmd: python model.py
    deps:
    - path: preprocess.py
      hash: md5
      md5: 30bd5a8d951ea6aef95a4aa9407a83a1
      size: 563
    - path: processed_data.csv
      hash: md5
      md5: 0256ad6e65e9924e9ca7f3ecb1e5ffda
      size: 10946
    outs:
    - path: model.pkl
      hash: md5
      md5: 38a163f382d41f8030eb2e60626e9e10
      size: 585
